// !$*UTF8*$!
{
	archiveVersion = 1;
	classes = {
	};
	objectVersion = 46;
	objects = {

/* Begin PBXBuildFile section */
		8BDDDC7C1A68A86C00A3E999 /* main.m in Sources */ = {isa = PBXBuildFile; fileRef = 8BDDDC7B1A68A86C00A3E999 /* main.m */; };
		8BDDDC7F1A68A86C00A3E999 /* AppDelegate.m in Sources */ = {isa = PBXBuildFile; fileRef = 8BDDDC7E1A68A86C00A3E999 /* AppDelegate.m */; };
		8BDDDC821A68A86C00A3E999 /* ViewController.m in Sources */ = {isa = PBXBuildFile; fileRef = 8BDDDC811A68A86C00A3E999 /* ViewController.m */; };
		8BDDDC851A68A86C00A3E999 /* Main.storyboard in Resources */ = {isa = PBXBuildFile; fileRef = 8BDDDC831A68A86C00A3E999 /* Main.storyboard */; };
		8BDDDC871A68A86C00A3E999 /* Images.xcassets in Resources */ = {isa = PBXBuildFile; fileRef = 8BDDDC861A68A86C00A3E999 /* Images.xcassets */; };
		8BDDDC8A1A68A86C00A3E999 /* LaunchScreen.xib in Resources */ = {isa = PBXBuildFile; fileRef = 8BDDDC881A68A86C00A3E999 /* LaunchScreen.xib */; };
		8BDDDC961A68A86C00A3E999 /* IOrderTests.m in Sources */ = {isa = PBXBuildFile; fileRef = 8BDDDC951A68A86C00A3E999 /* IOrderTests.m */; };
/* End PBXBuildFile section */

/* Begin PBXContainerItemProxy section */
		8BDDDC901A68A86C00A3E999 /* PBXContainerItemProxy */ = {
			isa = PBXContainerItemProxy;
			containerPortal = 8BDDDC6E1A68A86C00A3E999 /* Project object */;
			proxyType = 1;
			remoteGlobalIDString = 8BDDDC751A68A86C00A3E999;
			remoteInfo = IOrder;
		};
/* End PBXContainerItemProxy section */

/* Begin PBXFileReference section */
		8BDDDC761A68A86C00A3E999 /* IOrder.app */ = {isa = PBXFileReference; explicitFileType = wrapper.application; includeInIndex = 0; path = IOrder.app; sourceTree = BUILT_PRODUCTS_DIR; };
		8BDDDC7A1A68A86C00A3E999 /* Info.plist */ = {isa = PBXFileReference; lastKnownFileType = text.plist.xml; path = Info.plist; sourceTree = "<group>"; };
		8BDDDC7B1A68A86C00A3E999 /* main.m */ = {isa = PBXFileReference; lastKnownFileType = sourcecode.c.objc; path = main.m; sourceTree = "<group>"; };
		8BDDDC7D1A68A86C00A3E999 /* AppDelegate.h */ = {isa = PBXFileReference; lastKnownFileType = sourcecode.c.h; path = AppDelegate.h; sourceTree = "<group>"; };
		8BDDDC7E1A68A86C00A3E999 /* AppDelegate.m */ = {isa = PBXFileReference; lastKnownFileType = sourcecode.c.objc; path = AppDelegate.m; sourceTree = "<group>"; };
		8BDDDC801A68A86C00A3E999 /* ViewController.h */ = {isa = PBXFileReference; lastKnownFileType = sourcecode.c.h; path = ViewController.h; sourceTree = "<group>"; };
		8BDDDC811A68A86C00A3E999 /* ViewController.m */ = {isa = PBXFileReference; lastKnownFileType = sourcecode.c.objc; path = ViewController.m; sourceTree = "<group>"; };
		8BDDDC841A68A86C00A3E999 /* Base */ = {isa = PBXFileReference; lastKnownFileType = file.storyboard; name = Base; path = Base.lproj/Main.storyboard; sourceTree = "<group>"; };
		8BDDDC861A68A86C00A3E999 /* Images.xcassets */ = {isa = PBXFileReference; lastKnownFileType = folder.assetcatalog; path = Images.xcassets; sourceTree = "<group>"; };
		8BDDDC891A68A86C00A3E999 /* Base */ = {isa = PBXFileReference; lastKnownFileType = file.xib; name = Base; path = Base.lproj/LaunchScreen.xib; sourceTree = "<group>"; };
		8BDDDC8F1A68A86C00A3E999 /* IOrderTests.xctest */ = {isa = PBXFileReference; explicitFileType = wrapper.cfbundle; includeInIndex = 0; path = IOrderTests.xctest; sourceTree = BUILT_PRODUCTS_DIR; };
		8BDDDC941A68A86C00A3E999 /* Info.plist */ = {isa = PBXFileReference; lastKnownFileType = text.plist.xml; path = Info.plist; sourceTree = "<group>"; };
		8BDDDC951A68A86C00A3E999 /* IOrderTests.m */ = {isa = PBXFileReference; lastKnownFileType = sourcecode.c.objc; path = IOrderTests.m; sourceTree = "<group>"; };
/* End PBXFileReference section */

/* Begin PBXFrameworksBuildPhase section */
		8BDDDC731A68A86C00A3E999 /* Frameworks */ = {
			isa = PBXFrameworksBuildPhase;
			buildActionMask = 2147483647;
			files = (
			);
			runOnlyForDeploymentPostprocessing = 0;
		};
		8BDDDC8C1A68A86C00A3E999 /* Frameworks */ = {
			isa = PBXFrameworksBuildPhase;
			buildActionMask = 2147483647;
			files = (
			);
			runOnlyForDeploymentPostprocessing = 0;
		};
/* End PBXFrameworksBuildPhase section */

/* Begin PBXGroup section */
		8BDDDC6D1A68A86C00A3E999 = {
			isa = PBXGroup;
			children = (
				8BDDDC781A68A86C00A3E999 /* IOrder */,
				8BDDDC921A68A86C00A3E999 /* IOrderTests */,
				8BDDDC771A68A86C00A3E999 /* Products */,
			);
			sourceTree = "<group>";
		};
		8BDDDC771A68A86C00A3E999 /* Products */ = {
			isa = PBXGroup;
			children = (
				8BDDDC761A68A86C00A3E999 /* IOrder.app */,
				8BDDDC8F1A68A86C00A3E999 /* IOrderTests.xctest */,
			);
			name = Products;
			sourceTree = "<group>";
		};
		8BDDDC781A68A86C00A3E999 /* IOrder */ = {
			isa = PBXGroup;
			children = (
				8BDDDC7D1A68A86C00A3E999 /* AppDelegate.h */,
				8BDDDC7E1A68A86C00A3E999 /* AppDelegate.m */,
				8BDDDC801A68A86C00A3E999 /* ViewController.h */,
				8BDDDC811A68A86C00A3E999 /* ViewController.m */,
				8BDDDC831A68A86C00A3E999 /* Main.storyboard */,
				8BDDDC861A68A86C00A3E999 /* Images.xcassets */,
				8BDDDC881A68A86C00A3E999 /* LaunchScreen.xib */,
				8BDDDC791A68A86C00A3E999 /* Supporting Files */,
			);
			path = IOrder;
			sourceTree = "<group>";
		};
		8BDDDC791A68A86C00A3E999 /* Supporting Files */ = {
			isa = PBXGroup;
			children = (
				8BDDDC7A1A68A86C00A3E999 /* Info.plist */,
				8BDDDC7B1A68A86C00A3E999 /* main.m */,
			);
			name = "Supporting Files";
			sourceTree = "<group>";
		};
		8BDDDC921A68A86C00A3E999 /* IOrderTests */ = {
			isa = PBXGroup;
			children = (
				8BDDDC951A68A86C00A3E999 /* IOrderTests.m */,
				8BDDDC931A68A86C00A3E999 /* Supporting Files */,
			);
			path = IOrderTests;
			sourceTree = "<group>";
		};
		8BDDDC931A68A86C00A3E999 /* Supporting Files */ = {
			isa = PBXGroup;
			children = (
				8BDDDC941A68A86C00A3E999 /* Info.plist */,
			);
			name = "Supporting Files";
			sourceTree = "<group>";
		};
/* End PBXGroup section */

/* Begin PBXNativeTarget section */
		8BDDDC751A68A86C00A3E999 /* IOrder */ = {
			isa = PBXNativeTarget;
			buildConfigurationList = 8BDDDC991A68A86C00A3E999 /* Build configuration list for PBXNativeTarget "IOrder" */;
			buildPhases = (
				8BDDDC721A68A86C00A3E999 /* Sources */,
				8BDDDC731A68A86C00A3E999 /* Frameworks */,
				8BDDDC741A68A86C00A3E999 /* Resources */,
			);
			buildRules = (
			);
			dependencies = (
			);
			name = IOrder;
			productName = IOrder;
			productReference = 8BDDDC761A68A86C00A3E999 /* IOrder.app */;
			productType = "com.apple.product-type.application";
		};
		8BDDDC8E1A68A86C00A3E999 /* IOrderTests */ = {
			isa = PBXNativeTarget;
			buildConfigurationList = 8BDDDC9C1A68A86C00A3E999 /* Build configuration list for PBXNativeTarget "IOrderTests" */;
			buildPhases = (
				8BDDDC8B1A68A86C00A3E999 /* Sources */,
				8BDDDC8C1A68A86C00A3E999 /* Frameworks */,
				8BDDDC8D1A68A86C00A3E999 /* Resources */,
			);
			buildRules = (
			);
			dependencies = (
				8BDDDC911A68A86C00A3E999 /* PBXTargetDependency */,
			);
			name = IOrderTests;
			productName = IOrderTests;
			productReference = 8BDDDC8F1A68A86C00A3E999 /* IOrderTests.xctest */;
			productType = "com.apple.product-type.bundle.unit-test";
		};
/* End PBXNativeTarget section */

/* Begin PBXProject section */
		8BDDDC6E1A68A86C00A3E999 /* Project object */ = {
			isa = PBXProject;
			attributes = {
				LastUpgradeCheck = 0610;
				ORGANIZATIONNAME = BIS_developer;
				TargetAttributes = {
					8BDDDC751A68A86C00A3E999 = {
						CreatedOnToolsVersion = 6.1;
					};
					8BDDDC8E1A68A86C00A3E999 = {
						CreatedOnToolsVersion = 6.1;
						TestTargetID = 8BDDDC751A68A86C00A3E999;
					};
				};
			};
			buildConfigurationList = 8BDDDC711A68A86C00A3E999 /* Build configuration list for PBXProject "IOrder" */;
			compatibilityVersion = "Xcode 3.2";
			developmentRegion = English;
			hasScannedForEncodings = 0;
			knownRegions = (
				en,
				Base,
			);
			mainGroup = 8BDDDC6D1A68A86C00A3E999;
			productRefGroup = 8BDDDC771A68A86C00A3E999 /* Products */;
			projectDirPath = "";
			projectRoot = "";
			targets = (
				8BDDDC751A68A86C00A3E999 /* IOrder */,
				8BDDDC8E1A68A86C00A3E999 /* IOrderTests */,
			);
		};
/* End PBXProject section */

/* Begin PBXResourcesBuildPhase section */
		8BDDDC741A68A86C00A3E999 /* Resources */ = {
			isa = PBXResourcesBuildPhase;
			buildActionMask = 2147483647;
			files = (
				8BDDDC851A68A86C00A3E999 /* Main.storyboard in Resources */,
				8BDDDC8A1A68A86C00A3E999 /* LaunchScreen.xib in Resources */,
				8BDDDC871A68A86C00A3E999 /* Images.xcassets in Resources */,
			);
			runOnlyForDeploymentPostprocessing = 0;
		};
		8BDDDC8D1A68A86C00A3E999 /* Resources */ = {
			isa = PBXResourcesBuildPhase;
			buildActionMask = 2147483647;
			files = (
			);
			runOnlyForDeploymentPostprocessing = 0;
		};
/* End PBXResourcesBuildPhase section */

/* Begin PBXSourcesBuildPhase section */
		8BDDDC721A68A86C00A3E999 /* Sources */ = {
			isa = PBXSourcesBuildPhase;
			buildActionMask = 2147483647;
			files = (
				8BDDDC821A68A86C00A3E999 /* ViewController.m in Sources */,
				8BDDDC7F1A68A86C00A3E999 /* AppDelegate.m in Sources */,
				8BDDDC7C1A68A86C00A3E999 /* main.m in Sources */,
			);
			runOnlyForDeploymentPostprocessing = 0;
		};
		8BDDDC8B1A68A86C00A3E999 /* Sources */ = {
			isa = PBXSourcesBuildPhase;
			buildActionMask = 2147483647;
			files = (
				8BDDDC961A68A86C00A3E999 /* IOrderTests.m in Sources */,
			);
			runOnlyForDeploymentPostprocessing = 0;
		};
/* End PBXSourcesBuildPhase section */

/* Begin PBXTargetDependency section */
		8BDDDC911A68A86C00A3E999 /* PBXTargetDependency */ = {
			isa = PBXTargetDependency;
			target = 8BDDDC751A68A86C00A3E999 /* IOrder */;
			targetProxy = 8BDDDC901A68A86C00A3E999 /* PBXContainerItemProxy */;
		};
/* End PBXTargetDependency section */

/* Begin PBXVariantGroup section */
		8BDDDC831A68A86C00A3E999 /* Main.storyboard */ = {
			isa = PBXVariantGroup;
			children = (
				8BDDDC841A68A86C00A3E999 /* Base */,
			);
			name = Main.storyboard;
			sourceTree = "<group>";
		};
		8BDDDC881A68A86C00A3E999 /* LaunchScreen.xib */ = {
			isa = PBXVariantGroup;
			children = (
				8BDDDC891A68A86C00A3E999 /* Base */,
			);
			name = LaunchScreen.xib;
			sourceTree = "<group>";
		};
/* End PBXVariantGroup section */

/* Begin XCBuildConfiguration section */
		8BDDDC971A68A86C00A3E999 /* Debug */ = {
			isa = XCBuildConfiguration;
			buildSettings = {
				ALWAYS_SEARCH_USER_PATHS = NO;
				CLANG_CXX_LANGUAGE_STANDARD = "gnu++0x";
				CLANG_CXX_LIBRARY = "libc++";
				CLANG_ENABLE_MODULES = YES;
				CLANG_ENABLE_OBJC_ARC = YES;
				CLANG_WARN_BOOL_CONVERSION = YES;
				CLANG_WARN_CONSTANT_CONVERSION = YES;
				CLANG_WARN_DIRECT_OBJC_ISA_USAGE = YES_ERROR;
				CLANG_WARN_EMPTY_BODY = YES;
				CLANG_WARN_ENUM_CONVERSION = YES;
				CLANG_WARN_INT_CONVERSION = YES;
				CLANG_WARN_OBJC_ROOT_CLASS = YES_ERROR;
				CLANG_WARN_UNREACHABLE_CODE = YES;
				CLANG_WARN__DUPLICATE_METHOD_MATCH = YES;
				"CODE_SIGN_IDENTITY[sdk=iphoneos*]" = "iPhone Developer";
				COPY_PHASE_STRIP = NO;
				ENABLE_STRICT_OBJC_MSGSEND = YES;
				GCC_C_LANGUAGE_STANDARD = gnu99;
				GCC_DYNAMIC_NO_PIC = NO;
				GCC_OPTIMIZATION_LEVEL = 0;
				GCC_PREPROCESSOR_DEFINITIONS = (
					"DEBUG=1",
					"$(inherited)",
				);
				GCC_SYMBOLS_PRIVATE_EXTERN = NO;
				GCC_WARN_64_TO_32_BIT_CONVERSION = YES;
				GCC_WARN_ABOUT_RETURN_TYPE = YES_ERROR;
				GCC_WARN_UNDECLARED_SELECTOR = YES;
				GCC_WARN_UNINITIALIZED_AUTOS = YES_AGGRESSIVE;
				GCC_WARN_UNUSED_FUNCTION = YES;
				GCC_WARN_UNUSED_VARIABLE = YES;
				IPHONEOS_DEPLOYMENT_TARGET = 8.1;
				MTL_ENABLE_DEBUG_INFO = YES;
				ONLY_ACTIVE_ARCH = YES;
				SDKROOT = iphoneos;
			};
			name = Debug;
		};
		8BDDDC981A68A86C00A3E999 /* Release */ = {
			isa = XCBuildConfiguration;
			buildSettings = {
				ALWAYS_SEARCH_USER_PATHS = NO;
				CLANG_CXX_LANGUAGE_STANDARD = "gnu++0x";
				CLANG_CXX_LIBRARY = "libc++";
				CLANG_ENABLE_MODULES = YES;
				CLANG_ENABLE_OBJC_ARC = YES;
				CLANG_WARN_BOOL_CONVERSION = YES;
				CLANG_WARN_CONSTANT_CONVERSION = YES;
				CLANG_WARN_DIRECT_OBJC_ISA_USAGE = YES_ERROR;
				CLANG_WARN_EMPTY_BODY = YES;
				CLANG_WARN_ENUM_CONVERSION = YES;
				CLANG_WARN_INT_CONVERSION = YES;
				CLANG_WARN_OBJC_ROOT_CLASS = YES_ERROR;
				CLANG_WARN_UNREACHABLE_CODE = YES;
				CLANG_WARN__DUPLICATE_METHOD_MATCH = YES;
				"CODE_SIGN_IDENTITY[sdk=iphoneos*]" = "iPhone Developer";
				COPY_PHASE_STRIP = YES;
				ENABLE_NS_ASSERTIONS = NO;
				ENABLE_STRICT_OBJC_MSGSEND = YES;
				GCC_C_LANGUAGE_STANDARD = gnu99;
				GCC_WARN_64_TO_32_BIT_CONVERSION = YES;
				GCC_WARN_ABOUT_RETURN_TYPE = YES_ERROR;
				GCC_WARN_UNDECLARED_SELECTOR = YES;
				GCC_WARN_UNINITIALIZED_AUTOS = YES_AGGRESSIVE;
				GCC_WARN_UNUSED_FUNCTION = YES;
				GCC_WARN_UNUSED_VARIABLE = YES;
				IPHONEOS_DEPLOYMENT_TARGET = 8.1;
				MTL_ENABLE_DEBUG_INFO = NO;
				SDKROOT = iphoneos;
				VALIDATE_PRODUCT = YES;
			};
			name = Release;
		};
		8BDDDC9A1A68A86C00A3E999 /* Debug */ = {
			isa = XCBuildConfiguration;
			buildSettings = {
				ASSETCATALOG_COMPILER_APPICON_NAME = AppIcon;
				INFOPLIST_FILE = IOrder/Info.plist;
				LD_RUNPATH_SEARCH_PATHS = "$(inherited) @executable_path/Frameworks";
				PRODUCT_NAME = "$(TARGET_NAME)";
			};
			name = Debug;
		};
		8BDDDC9B1A68A86C00A3E999 /* Release */ = {
			isa = XCBuildConfiguration;
			buildSettings = {
				ASSETCATALOG_COMPILER_APPICON_NAME = AppIcon;
				INFOPLIST_FILE = IOrder/Info.plist;
				LD_RUNPATH_SEARCH_PATHS = "$(inherited) @executable_path/Frameworks";
				PRODUCT_NAME = "$(TARGET_NAME)";
			};
			name = Release;
		};
		8BDDDC9D1A68A86C00A3E999 /* Debug */ = {
			isa = XCBuildConfiguration;
			buildSettings = {
				BUNDLE_LOADER = "$(TEST_HOST)";
				FRAMEWORK_SEARCH_PATHS = (
					"$(SDKROOT)/Developer/Library/Frameworks",
					"$(inherited)",
				);
				GCC_PREPROCESSOR_DEFINITIONS = (
					"DEBUG=1",
					"$(inherited)",
				);
				INFOPLIST_FILE = IOrderTests/Info.plist;
				LD_RUNPATH_SEARCH_PATHS = "$(inherited) @executable_path/Frameworks @loader_path/Frameworks";
				PRODUCT_NAME = "$(TARGET_NAME)";
				TEST_HOST = "$(BUILT_PRODUCTS_DIR)/IOrder.app/IOrder";
			};
			name = Debug;
		};
		8BDDDC9E1A68A86C00A3E999 /* Release */ = {
			isa = XCBuildConfiguration;
			buildSettings = {
				BUNDLE_LOADER = "$(TEST_HOST)";
				FRAMEWORK_SEARCH_PATHS = (
					"$(SDKROOT)/Developer/Library/Frameworks",
					"$(inherited)",
				);
				INFOPLIST_FILE = IOrderTests/Info.plist;
				LD_RUNPATH_SEARCH_PATHS = "$(inherited) @executable_path/Frameworks @loader_path/Frameworks";
				PRODUCT_NAME = "$(TARGET_NAME)";
				TEST_HOST = "$(BUILT_PRODUCTS_DIR)/IOrder.app/IOrder";
			};
			name = Release;
		};
/* End XCBuildConfiguration section */

/* Begin XCConfigurationList section */
		8BDDDC711A68A86C00A3E999 /* Build configuration list for PBXProject "IOrder" */ = {
			isa = XCConfigurationList;
			buildConfigurations = (
				8BDDDC971A68A86C00A3E999 /* Debug */,
				8BDDDC981A68A86C00A3E999 /* Release */,
			);
			defaultConfigurationIsVisible = 0;
			defaultConfigurationName = Release;
		};
		8BDDDC991A68A86C00A3E999 /* Build configuration list for PBXNativeTarget "IOrder" */ = {
			isa = XCConfigurationList;
			buildConfigurations = (
				8BDDDC9A1A68A86C00A3E999 /* Debug */,
				8BDDDC9B1A68A86C00A3E999 /* Release */,
			);
			defaultConfigurationIsVisible = 0;
		};
		8BDDDC9C1A68A86C00A3E999 /* Build configuration list for PBXNativeTarget "IOrderTests" */ = {
			isa = XCConfigurationList;
			buildConfigurations = (
				8BDDDC9D1A68A86C00A3E999 /* Debug */,
				8BDDDC9E1A68A86C00A3E999 /* Release */,
			);
			defaultConfigurationIsVisible = 0;
		};
/* End XCConfigurationList section */
	};
	rootObject = 8BDDDC6E1A68A86C00A3E999 /* Project object */;
}
