// !$*UTF8*$!
{
	archiveVersion = 1;
	classes = {
	};
	objectVersion = 46;
	objects = {

/* Begin PBXBuildFile section */
		8B8AE1771A58E7F5008356A8 /* main.mm in Sources */ = {isa = PBXBuildFile; fileRef = 8B8AE1761A58E7F5008356A8 /* main.mm */; };
		8B8AE1811A58EAD6008356A8 /* Car.m in Sources */ = {isa = PBXBuildFile; fileRef = 8B8AE1801A58EAD6008356A8 /* Car.m */; };
		8B8AE1B61A5A1F9A008356A8 /* Animal.cpp in Sources */ = {isa = PBXBuildFile; fileRef = 8B8AE1B41A5A1F9A008356A8 /* Animal.cpp */; };
		8B8AE1C21A5A2880008356A8 /* NSString+Print.m in Sources */ = {isa = PBXBuildFile; fileRef = 8B8AE1C11A5A2880008356A8 /* NSString+Print.m */; };
/* End PBXBuildFile section */

/* Begin PBXCopyFilesBuildPhase section */
		8B8AE1711A58E7F5008356A8 /* CopyFiles */ = {
			isa = PBXCopyFilesBuildPhase;
			buildActionMask = 2147483647;
			dstPath = /usr/share/man/man1/;
			dstSubfolderSpec = 0;
			files = (
			);
			runOnlyForDeploymentPostprocessing = 1;
		};
/* End PBXCopyFilesBuildPhase section */

/* Begin PBXFileReference section */
		8B8AE1731A58E7F5008356A8 /* OCDemo */ = {isa = PBXFileReference; explicitFileType = "compiled.mach-o.executable"; includeInIndex = 0; path = OCDemo; sourceTree = BUILT_PRODUCTS_DIR; };
		8B8AE1761A58E7F5008356A8 /* main.mm */ = {isa = PBXFileReference; lastKnownFileType = sourcecode.cpp.objcpp; path = main.mm; sourceTree = "<group>"; };
		8B8AE17F1A58EAD6008356A8 /* Car.h */ = {isa = PBXFileReference; fileEncoding = 4; lastKnownFileType = sourcecode.c.h; path = Car.h; sourceTree = "<group>"; };
		8B8AE1801A58EAD6008356A8 /* Car.m */ = {isa = PBXFileReference; fileEncoding = 4; lastKnownFileType = sourcecode.c.objc; path = Car.m; sourceTree = "<group>"; };
		8B8AE1B41A5A1F9A008356A8 /* Animal.cpp */ = {isa = PBXFileReference; fileEncoding = 4; lastKnownFileType = sourcecode.cpp.cpp; path = Animal.cpp; sourceTree = "<group>"; };
		8B8AE1B51A5A1F9A008356A8 /* Animal.h */ = {isa = PBXFileReference; fileEncoding = 4; lastKnownFileType = sourcecode.c.h; path = Animal.h; sourceTree = "<group>"; };
		8B8AE1C01A5A2880008356A8 /* NSString+Print.h */ = {isa = PBXFileReference; fileEncoding = 4; lastKnownFileType = sourcecode.c.h; path = "NSString+Print.h"; sourceTree = "<group>"; };
		8B8AE1C11A5A2880008356A8 /* NSString+Print.m */ = {isa = PBXFileReference; fileEncoding = 4; lastKnownFileType = sourcecode.c.objc; path = "NSString+Print.m"; sourceTree = "<group>"; };
/* End PBXFileReference section */

/* Begin PBXFrameworksBuildPhase section */
		8B8AE1701A58E7F5008356A8 /* Frameworks */ = {
			isa = PBXFrameworksBuildPhase;
			buildActionMask = 2147483647;
			files = (
			);
			runOnlyForDeploymentPostprocessing = 0;
		};
/* End PBXFrameworksBuildPhase section */

/* Begin PBXGroup section */
		8B8AE16A1A58E7F5008356A8 = {
			isa = PBXGroup;
			children = (
				8B8AE1751A58E7F5008356A8 /* OCDemo */,
				8B8AE1741A58E7F5008356A8 /* Products */,
			);
			sourceTree = "<group>";
		};
		8B8AE1741A58E7F5008356A8 /* Products */ = {
			isa = PBXGroup;
			children = (
				8B8AE1731A58E7F5008356A8 /* OCDemo */,
			);
			name = Products;
			sourceTree = "<group>";
		};
		8B8AE1751A58E7F5008356A8 /* OCDemo */ = {
			isa = PBXGroup;
			children = (
				8B8AE17D1A58EA8F008356A8 /* Class */,
				8B8AE1761A58E7F5008356A8 /* main.mm */,
			);
			path = OCDemo;
			sourceTree = "<group>";
		};
		8B8AE17D1A58EA8F008356A8 /* Class */ = {
			isa = PBXGroup;
			children = (
				8B8AE1C01A5A2880008356A8 /* NSString+Print.h */,
				8B8AE1C11A5A2880008356A8 /* NSString+Print.m */,
				8B8AE17F1A58EAD6008356A8 /* Car.h */,
				8B8AE1801A58EAD6008356A8 /* Car.m */,
				8B8AE1B41A5A1F9A008356A8 /* Animal.cpp */,
				8B8AE1B51A5A1F9A008356A8 /* Animal.h */,
			);
			name = Class;
			sourceTree = "<group>";
		};
/* End PBXGroup section */

/* Begin PBXNativeTarget section */
		8B8AE1721A58E7F5008356A8 /* OCDemo */ = {
			isa = PBXNativeTarget;
			buildConfigurationList = 8B8AE17A1A58E7F5008356A8 /* Build configuration list for PBXNativeTarget "OCDemo" */;
			buildPhases = (
				8B8AE16F1A58E7F5008356A8 /* Sources */,
				8B8AE1701A58E7F5008356A8 /* Frameworks */,
				8B8AE1711A58E7F5008356A8 /* CopyFiles */,
			);
			buildRules = (
			);
			dependencies = (
			);
			name = OCDemo;
			productName = OCDemo;
			productReference = 8B8AE1731A58E7F5008356A8 /* OCDemo */;
			productType = "com.apple.product-type.tool";
		};
/* End PBXNativeTarget section */

/* Begin PBXProject section */
		8B8AE16B1A58E7F5008356A8 /* Project object */ = {
			isa = PBXProject;
			attributes = {
				LastUpgradeCheck = 0610;
				ORGANIZATIONNAME = BIS_developer;
				TargetAttributes = {
					8B8AE1721A58E7F5008356A8 = {
						CreatedOnToolsVersion = 6.1;
					};
				};
			};
			buildConfigurationList = 8B8AE16E1A58E7F5008356A8 /* Build configuration list for PBXProject "OCDemo" */;
			compatibilityVersion = "Xcode 3.2";
			developmentRegion = English;
			hasScannedForEncodings = 0;
			knownRegions = (
				en,
			);
			mainGroup = 8B8AE16A1A58E7F5008356A8;
			productRefGroup = 8B8AE1741A58E7F5008356A8 /* Products */;
			projectDirPath = "";
			projectRoot = "";
			targets = (
				8B8AE1721A58E7F5008356A8 /* OCDemo */,
			);
		};
/* End PBXProject section */

/* Begin PBXSourcesBuildPhase section */
		8B8AE16F1A58E7F5008356A8 /* Sources */ = {
			isa = PBXSourcesBuildPhase;
			buildActionMask = 2147483647;
			files = (
				8B8AE1811A58EAD6008356A8 /* Car.m in Sources */,
				8B8AE1771A58E7F5008356A8 /* main.mm in Sources */,
				8B8AE1B61A5A1F9A008356A8 /* Animal.cpp in Sources */,
				8B8AE1C21A5A2880008356A8 /* NSString+Print.m in Sources */,
			);
			runOnlyForDeploymentPostprocessing = 0;
		};
/* End PBXSourcesBuildPhase section */

/* Begin XCBuildConfiguration section */
		8B8AE1781A58E7F5008356A8 /* Debug */ = {
			isa = XCBuildConfiguration;
			buildSettings = {
				ALWAYS_SEARCH_USER_PATHS = NO;
				CLANG_CXX_LANGUAGE_STANDARD = "gnu++0x";
				CLANG_CXX_LIBRARY = "libc++";
				CLANG_ENABLE_MODULES = YES;
				CLANG_ENABLE_OBJC_ARC = YES;
				CLANG_WARN_BOOL_CONVERSION = YES;
				CLANG_WARN_CONSTANT_CONVERSION = YES;
				CLANG_WARN_DIRECT_OBJC_ISA_USAGE = YES_ERROR;
				CLANG_WARN_EMPTY_BODY = YES;
				CLANG_WARN_ENUM_CONVERSION = YES;
				CLANG_WARN_INT_CONVERSION = YES;
				CLANG_WARN_OBJC_ROOT_CLASS = YES_ERROR;
				CLANG_WARN_UNREACHABLE_CODE = YES;
				CLANG_WARN__DUPLICATE_METHOD_MATCH = YES;
				COPY_PHASE_STRIP = NO;
				ENABLE_STRICT_OBJC_MSGSEND = YES;
				GCC_C_LANGUAGE_STANDARD = gnu99;
				GCC_DYNAMIC_NO_PIC = NO;
				GCC_OPTIMIZATION_LEVEL = 0;
				GCC_PREPROCESSOR_DEFINITIONS = (
					"DEBUG=1",
					"$(inherited)",
				);
				GCC_SYMBOLS_PRIVATE_EXTERN = NO;
				GCC_WARN_64_TO_32_BIT_CONVERSION = YES;
				GCC_WARN_ABOUT_RETURN_TYPE = YES_ERROR;
				GCC_WARN_UNDECLARED_SELECTOR = YES;
				GCC_WARN_UNINITIALIZED_AUTOS = YES_AGGRESSIVE;
				GCC_WARN_UNUSED_FUNCTION = YES;
				GCC_WARN_UNUSED_VARIABLE = YES;
				MACOSX_DEPLOYMENT_TARGET = 10.10;
				MTL_ENABLE_DEBUG_INFO = YES;
				ONLY_ACTIVE_ARCH = YES;
				SDKROOT = macosx;
			};
			name = Debug;
		};
		8B8AE1791A58E7F5008356A8 /* Release */ = {
			isa = XCBuildConfiguration;
			buildSettings = {
				ALWAYS_SEARCH_USER_PATHS = NO;
				CLANG_CXX_LANGUAGE_STANDARD = "gnu++0x";
				CLANG_CXX_LIBRARY = "libc++";
				CLANG_ENABLE_MODULES = YES;
				CLANG_ENABLE_OBJC_ARC = YES;
				CLANG_WARN_BOOL_CONVERSION = YES;
				CLANG_WARN_CONSTANT_CONVERSION = YES;
				CLANG_WARN_DIRECT_OBJC_ISA_USAGE = YES_ERROR;
				CLANG_WARN_EMPTY_BODY = YES;
				CLANG_WARN_ENUM_CONVERSION = YES;
				CLANG_WARN_INT_CONVERSION = YES;
				CLANG_WARN_OBJC_ROOT_CLASS = YES_ERROR;
				CLANG_WARN_UNREACHABLE_CODE = YES;
				CLANG_WARN__DUPLICATE_METHOD_MATCH = YES;
				COPY_PHASE_STRIP = YES;
				DEBUG_INFORMATION_FORMAT = "dwarf-with-dsym";
				ENABLE_NS_ASSERTIONS = NO;
				ENABLE_STRICT_OBJC_MSGSEND = YES;
				GCC_C_LANGUAGE_STANDARD = gnu99;
				GCC_WARN_64_TO_32_BIT_CONVERSION = YES;
				GCC_WARN_ABOUT_RETURN_TYPE = YES_ERROR;
				GCC_WARN_UNDECLARED_SELECTOR = YES;
				GCC_WARN_UNINITIALIZED_AUTOS = YES_AGGRESSIVE;
				GCC_WARN_UNUSED_FUNCTION = YES;
				GCC_WARN_UNUSED_VARIABLE = YES;
				MACOSX_DEPLOYMENT_TARGET = 10.10;
				MTL_ENABLE_DEBUG_INFO = NO;
				SDKROOT = macosx;
			};
			name = Release;
		};
		8B8AE17B1A58E7F5008356A8 /* Debug */ = {
			isa = XCBuildConfiguration;
			buildSettings = {
				ENABLE_STRICT_OBJC_MSGSEND = NO;
				PRODUCT_NAME = "$(TARGET_NAME)";
			};
			name = Debug;
		};
		8B8AE17C1A58E7F5008356A8 /* Release */ = {
			isa = XCBuildConfiguration;
			buildSettings = {
				ENABLE_STRICT_OBJC_MSGSEND = NO;
				PRODUCT_NAME = "$(TARGET_NAME)";
			};
			name = Release;
		};
/* End XCBuildConfiguration section */

/* Begin XCConfigurationList section */
		8B8AE16E1A58E7F5008356A8 /* Build configuration list for PBXProject "OCDemo" */ = {
			isa = XCConfigurationList;
			buildConfigurations = (
				8B8AE1781A58E7F5008356A8 /* Debug */,
				8B8AE1791A58E7F5008356A8 /* Release */,
			);
			defaultConfigurationIsVisible = 0;
			defaultConfigurationName = Release;
		};
		8B8AE17A1A58E7F5008356A8 /* Build configuration list for PBXNativeTarget "OCDemo" */ = {
			isa = XCConfigurationList;
			buildConfigurations = (
				8B8AE17B1A58E7F5008356A8 /* Debug */,
				8B8AE17C1A58E7F5008356A8 /* Release */,
			);
			defaultConfigurationIsVisible = 0;
		};
/* End XCConfigurationList section */
	};
	rootObject = 8B8AE16B1A58E7F5008356A8 /* Project object */;
}
